
Microsoft Visual Studio Solution File, Format Version 12.00
# Visual Studio 15
VisualStudioVersion = 15.0.27428.2027
MinimumVisualStudioVersion = 10.0.40219.1
Project("{FAE04EC0-301F-11D3-BF4B-00C04F79EFBC}") = "Task1", "Task1\Task1.csproj", "{E1D6F3EE-B35F-490F-9D53-3395FB486938}"
EndProject
Project("{FAE04EC0-301F-11D3-BF4B-00C04F79EFBC}") = "Task2", "Task2\Task2.csproj", "{6BD22F42-57DB-470B-93AF-34417CB7E1D2}"
EndProject
Project("{FAE04EC0-301F-11D3-BF4B-00C04F79EFBC}") = "Task3", "Task3\Task3.csproj", "{D36B6961-BDCA-496E-8CE3-9E7D6631CC2B}"
EndProject
Project("{FAE04EC0-301F-11D3-BF4B-00C04F79EFBC}") = "Task4", "Task4\Task4.csproj", "{A5F5ABF9-8F8E-4A94-AF12-2DA102154503}"
EndProject
Project("{FAE04EC0-301F-11D3-BF4B-00C04F79EFBC}") = "Task5", "Task5\Task5.csproj", "{B74B3A12-52CC-4245-9590-7C721E2D3D60}"
EndProject
Project("{FAE04EC0-301F-11D3-BF4B-00C04F79EFBC}") = "Task6", "Task6\Task6.csproj", "{5FA70B69-BFEA-4F12-A594-63AE86DD6030}"
EndProject
Project("{FAE04EC0-301F-11D3-BF4B-00C04F79EFBC}") = "Task7", "Task7\Task7.csproj", "{3E1B45CC-2F24-4F20-85EF-F907A60ADB17}"
EndProject
Project("{FAE04EC0-301F-11D3-BF4B-00C04F79EFBC}") = "Task8", "Task8\Task8.csproj", "{1C1CB6E3-EF4A-421B-9A6B-60A654D93965}"
EndProject
Project("{FAE04EC0-301F-11D3-BF4B-00C04F79EFBC}") = "Task9", "Task9\Task9.csproj", "{A7E290E7-3F9A-471D-BDB9-ACDA25562B95}"
EndProject
Project("{FAE04EC0-301F-11D3-BF4B-00C04F79EFBC}") = "Task10", "Task10\Task10.csproj", "{8C18E6F9-7582-474B-BB85-C1E3FCF9576E}"
EndProject
Global
	GlobalSection(SolutionConfigurationPlatforms) = preSolution
		Debug|Any CPU = Debug|Any CPU
		Release|Any CPU = Release|Any CPU
	EndGlobalSection
	GlobalSection(ProjectConfigurationPlatforms) = postSolution
		{E1D6F3EE-B35F-490F-9D53-3395FB486938}.Debug|Any CPU.ActiveCfg = Debug|Any CPU
		{E1D6F3EE-B35F-490F-9D53-3395FB486938}.Debug|Any CPU.Build.0 = Debug|Any CPU
		{E1D6F3EE-B35F-490F-9D53-3395FB486938}.Release|Any CPU.ActiveCfg = Release|Any CPU
		{E1D6F3EE-B35F-490F-9D53-3395FB486938}.Release|Any CPU.Build.0 = Release|Any CPU
		{6BD22F42-57DB-470B-93AF-34417CB7E1D2}.Debug|Any CPU.ActiveCfg = Debug|Any CPU
		{6BD22F42-57DB-470B-93AF-34417CB7E1D2}.Debug|Any CPU.Build.0 = Debug|Any CPU
		{6BD22F42-57DB-470B-93AF-34417CB7E1D2}.Release|Any CPU.ActiveCfg = Release|Any CPU
		{6BD22F42-57DB-470B-93AF-34417CB7E1D2}.Release|Any CPU.Build.0 = Release|Any CPU
		{D36B6961-BDCA-496E-8CE3-9E7D6631CC2B}.Debug|Any CPU.ActiveCfg = Debug|Any CPU
		{D36B6961-BDCA-496E-8CE3-9E7D6631CC2B}.Debug|Any CPU.Build.0 = Debug|Any CPU
		{D36B6961-BDCA-496E-8CE3-9E7D6631CC2B}.Release|Any CPU.ActiveCfg = Release|Any CPU
		{D36B6961-BDCA-496E-8CE3-9E7D6631CC2B}.Release|Any CPU.Build.0 = Release|Any CPU
		{A5F5ABF9-8F8E-4A94-AF12-2DA102154503}.Debug|Any CPU.ActiveCfg = Debug|Any CPU
		{A5F5ABF9-8F8E-4A94-AF12-2DA102154503}.Debug|Any CPU.Build.0 = Debug|Any CPU
		{A5F5ABF9-8F8E-4A94-AF12-2DA102154503}.Release|Any CPU.ActiveCfg = Release|Any CPU
		{A5F5ABF9-8F8E-4A94-AF12-2DA102154503}.Release|Any CPU.Build.0 = Release|Any CPU
		{B74B3A12-52CC-4245-9590-7C721E2D3D60}.Debug|Any CPU.ActiveCfg = Debug|Any CPU
		{B74B3A12-52CC-4245-9590-7C721E2D3D60}.Debug|Any CPU.Build.0 = Debug|Any CPU
		{B74B3A12-52CC-4245-9590-7C721E2D3D60}.Release|Any CPU.ActiveCfg = Release|Any CPU
		{B74B3A12-52CC-4245-9590-7C721E2D3D60}.Release|Any CPU.Build.0 = Release|Any CPU
		{5FA70B69-BFEA-4F12-A594-63AE86DD6030}.Debug|Any CPU.ActiveCfg = Debug|Any CPU
		{5FA70B69-BFEA-4F12-A594-63AE86DD6030}.Debug|Any CPU.Build.0 = Debug|Any CPU
		{5FA70B69-BFEA-4F12-A594-63AE86DD6030}.Release|Any CPU.ActiveCfg = Release|Any CPU
		{5FA70B69-BFEA-4F12-A594-63AE86DD6030}.Release|Any CPU.Build.0 = Release|Any CPU
		{3E1B45CC-2F24-4F20-85EF-F907A60ADB17}.Debug|Any CPU.ActiveCfg = Debug|Any CPU
		{3E1B45CC-2F24-4F20-85EF-F907A60ADB17}.Debug|Any CPU.Build.0 = Debug|Any CPU
		{3E1B45CC-2F24-4F20-85EF-F907A60ADB17}.Release|Any CPU.ActiveCfg = Release|Any CPU
		{3E1B45CC-2F24-4F20-85EF-F907A60ADB17}.Release|Any CPU.Build.0 = Release|Any CPU
		{1C1CB6E3-EF4A-421B-9A6B-60A654D93965}.Debug|Any CPU.ActiveCfg = Debug|Any CPU
		{1C1CB6E3-EF4A-421B-9A6B-60A654D93965}.Debug|Any CPU.Build.0 = Debug|Any CPU
		{1C1CB6E3-EF4A-421B-9A6B-60A654D93965}.Release|Any CPU.ActiveCfg = Release|Any CPU
		{1C1CB6E3-EF4A-421B-9A6B-60A654D93965}.Release|Any CPU.Build.0 = Release|Any CPU
		{A7E290E7-3F9A-471D-BDB9-ACDA25562B95}.Debug|Any CPU.ActiveCfg = Debug|Any CPU
		{A7E290E7-3F9A-471D-BDB9-ACDA25562B95}.Debug|Any CPU.Build.0 = Debug|Any CPU
		{A7E290E7-3F9A-471D-BDB9-ACDA25562B95}.Release|Any CPU.ActiveCfg = Release|Any CPU
		{A7E290E7-3F9A-471D-BDB9-ACDA25562B95}.Release|Any CPU.Build.0 = Release|Any CPU
		{8C18E6F9-7582-474B-BB85-C1E3FCF9576E}.Debug|Any CPU.ActiveCfg = Debug|Any CPU
		{8C18E6F9-7582-474B-BB85-C1E3FCF9576E}.Debug|Any CPU.Build.0 = Debug|Any CPU
		{8C18E6F9-7582-474B-BB85-C1E3FCF9576E}.Release|Any CPU.ActiveCfg = Release|Any CPU
		{8C18E6F9-7582-474B-BB85-C1E3FCF9576E}.Release|Any CPU.Build.0 = Release|Any CPU
	EndGlobalSection
	GlobalSection(SolutionProperties) = preSolution
		HideSolutionNode = FALSE
	EndGlobalSection
	GlobalSection(ExtensibilityGlobals) = postSolution
		SolutionGuid = {8E7D5AC3-5F5A-42C0-A306-7A3B56C06B17}
	EndGlobalSection
EndGlobal
