
Microsoft Visual Studio Solution File, Format Version 12.00
# Visual Studio 15
VisualStudioVersion = 15.0.27428.2027
MinimumVisualStudioVersion = 10.0.40219.1
Project("{FAE04EC0-301F-11D3-BF4B-00C04F79EFBC}") = "Task1", "Task1\Task1.csproj", "{E1D6F3EE-B35F-490F-9D53-3395FB486938}"
EndProject
Project("{FAE04EC0-301F-11D3-BF4B-00C04F79EFBC}") = "Task2", "Task2\Task2.csproj", "{6BD22F42-57DB-470B-93AF-34417CB7E1D2}"
EndProject
Project("{FAE04EC0-301F-11D3-BF4B-00C04F79EFBC}") = "Task3", "Task3\Task3.csproj", "{D36B6961-BDCA-496E-8CE3-9E7D6631CC2B}"
EndProject
Project("{FAE04EC0-301F-11D3-BF4B-00C04F79EFBC}") = "Task4", "Task4\Task4.csproj", "{A5F5ABF9-8F8E-4A94-AF12-2DA102154503}"
EndProject
Global
	GlobalSection(SolutionConfigurationPlatforms) = preSolution
		Debug|Any CPU = Debug|Any CPU
		Release|Any CPU = Release|Any CPU
	EndGlobalSection
	GlobalSection(ProjectConfigurationPlatforms) = postSolution
		{E1D6F3EE-B35F-490F-9D53-3395FB486938}.Debug|Any CPU.ActiveCfg = Debug|Any CPU
		{E1D6F3EE-B35F-490F-9D53-3395FB486938}.Debug|Any CPU.Build.0 = Debug|Any CPU
		{E1D6F3EE-B35F-490F-9D53-3395FB486938}.Release|Any CPU.ActiveCfg = Release|Any CPU
		{E1D6F3EE-B35F-490F-9D53-3395FB486938}.Release|Any CPU.Build.0 = Release|Any CPU
		{6BD22F42-57DB-470B-93AF-34417CB7E1D2}.Debug|Any CPU.ActiveCfg = Debug|Any CPU
		{6BD22F42-57DB-470B-93AF-34417CB7E1D2}.Debug|Any CPU.Build.0 = Debug|Any CPU
		{6BD22F42-57DB-470B-93AF-34417CB7E1D2}.Release|Any CPU.ActiveCfg = Release|Any CPU
		{6BD22F42-57DB-470B-93AF-34417CB7E1D2}.Release|Any CPU.Build.0 = Release|Any CPU
		{D36B6961-BDCA-496E-8CE3-9E7D6631CC2B}.Debug|Any CPU.ActiveCfg = Debug|Any CPU
		{D36B6961-BDCA-496E-8CE3-9E7D6631CC2B}.Debug|Any CPU.Build.0 = Debug|Any CPU
		{D36B6961-BDCA-496E-8CE3-9E7D6631CC2B}.Release|Any CPU.ActiveCfg = Release|Any CPU
		{D36B6961-BDCA-496E-8CE3-9E7D6631CC2B}.Release|Any CPU.Build.0 = Release|Any CPU
		{A5F5ABF9-8F8E-4A94-AF12-2DA102154503}.Debug|Any CPU.ActiveCfg = Debug|Any CPU
		{A5F5ABF9-8F8E-4A94-AF12-2DA102154503}.Debug|Any CPU.Build.0 = Debug|Any CPU
		{A5F5ABF9-8F8E-4A94-AF12-2DA102154503}.Release|Any CPU.ActiveCfg = Release|Any CPU
		{A5F5ABF9-8F8E-4A94-AF12-2DA102154503}.Release|Any CPU.Build.0 = Release|Any CPU
	EndGlobalSection
	GlobalSection(SolutionProperties) = preSolution
		HideSolutionNode = FALSE
	EndGlobalSection
	GlobalSection(ExtensibilityGlobals) = postSolution
		SolutionGuid = {8E7D5AC3-5F5A-42C0-A306-7A3B56C06B17}
	EndGlobalSection
EndGlobal
